
Microsoft Visual Studio Solution File, Format Version 12.00
# Visual Studio Version 17
VisualStudioVersion = 17.14.36414.22 d17.14
MinimumVisualStudioVersion = 10.0.40219.1
Project("{FAE04EC0-301F-11D3-BF4B-00C04F79EFBC}") = "Cura520", "Cura520\Cura520.csproj", "{FC34370F-9AAC-4B9E-8EA3-E7A678260BEB}"
EndProject
Global
	GlobalSection(SolutionConfigurationPlatforms) = preSolution
		Debug|Any CPU = Debug|Any CPU
		Release|Any CPU = Release|Any CPU
	EndGlobalSection
	GlobalSection(ProjectConfigurationPlatforms) = postSolution
		{FC34370F-9AAC-4B9E-8EA3-E7A678260BEB}.Debug|Any CPU.ActiveCfg = Debug|Any CPU
		{FC34370F-9AAC-4B9E-8EA3-E7A678260BEB}.Debug|Any CPU.Build.0 = Debug|Any CPU
		{FC34370F-9AAC-4B9E-8EA3-E7A678260BEB}.Release|Any CPU.ActiveCfg = Release|Any CPU
		{FC34370F-9AAC-4B9E-8EA3-E7A678260BEB}.Release|Any CPU.Build.0 = Release|Any CPU
	EndGlobalSection
	GlobalSection(SolutionProperties) = preSolution
		HideSolutionNode = FALSE
	EndGlobalSection
	GlobalSection(ExtensibilityGlobals) = postSolution
		SolutionGuid = {1F0D7241-DB7C-422B-86A3-CE28B89F80D4}
	EndGlobalSection
EndGlobal
